<Solution>
  <Project Path="Assembly-CSharp-Editor.csproj" />
  <Project Path="Whinarn.IndMeshSimplifier.Runtime.csproj" />
  <Project Path="NKStudio.UnitySnapToFloor.csproj" />
  <Project Path="Assembly-CSharp.csproj" />
  <Project Path="SampleAssembly.csproj" />
  <Project Path="Whinarn.IndMeshSimplifier.Editor.csproj" />
</Solution>
